// !$*UTF8*$!
{
	archiveVersion = 1;
	classes = {
	};
	objectVersion = 56;
	objects = {

/* Begin PBXBuildFile section */
		FA63FE432A798D7E009FA03E /* ConverterApp.swift in Sources */ = {isa = PBXBuildFile; fileRef = FA63FE422A798D7E009FA03E /* ConverterApp.swift */; };
		FA63FE452A798D7E009FA03E /* ContentView.swift in Sources */ = {isa = PBXBuildFile; fileRef = FA63FE442A798D7E009FA03E /* ContentView.swift */; };
		FA63FE472A798D80009FA03E /* Assets.xcassets in Resources */ = {isa = PBXBuildFile; fileRef = FA63FE462A798D80009FA03E /* Assets.xcassets */; };
		FA63FE4A2A798D80009FA03E /* Preview Assets.xcassets in Resources */ = {isa = PBXBuildFile; fileRef = FA63FE492A798D80009FA03E /* Preview Assets.xcassets */; };
		FA8998162A9A63EB000A63F9 /* SettingsView.swift in Sources */ = {isa = PBXBuildFile; fileRef = FA8998152A9A63EB000A63F9 /* SettingsView.swift */; };
		FA8998192A9A6727000A63F9 /* Constants.swift in Sources */ = {isa = PBXBuildFile; fileRef = FA8998182A9A6727000A63F9 /* Constants.swift */; };
		FA89981C2A9A8DEC000A63F9 /* CurrencyLayerAPI.swift in Sources */ = {isa = PBXBuildFile; fileRef = FA89981B2A9A8DEC000A63F9 /* CurrencyLayerAPI.swift */; };
		FA89981F2A9A8E58000A63F9 /* Environment.swift in Sources */ = {isa = PBXBuildFile; fileRef = FA89981E2A9A8E58000A63F9 /* Environment.swift */; };
		FA8998222A9A93A3000A63F9 /* Currency.swift in Sources */ = {isa = PBXBuildFile; fileRef = FA8998212A9A93A3000A63F9 /* Currency.swift */; };
		FA8998242A9E7499000A63F9 /* Rate.swift in Sources */ = {isa = PBXBuildFile; fileRef = FA8998232A9E7499000A63F9 /* Rate.swift */; };
		FA8998272A9E782E000A63F9 /* CurrencyViewModel.swift in Sources */ = {isa = PBXBuildFile; fileRef = FA8998262A9E782E000A63F9 /* CurrencyViewModel.swift */; };
		FA89982A2A9E7BD7000A63F9 /* Date+TimeStamp.swift in Sources */ = {isa = PBXBuildFile; fileRef = FA8998292A9E7BD7000A63F9 /* Date+TimeStamp.swift */; };
		FA89982C2A9E7CAF000A63F9 /* String+Stride.swift in Sources */ = {isa = PBXBuildFile; fileRef = FA89982B2A9E7CAF000A63F9 /* String+Stride.swift */; };
		FA89982F2A9E7ED0000A63F9 /* TextFieldClearButton.swift in Sources */ = {isa = PBXBuildFile; fileRef = FA89982E2A9E7ED0000A63F9 /* TextFieldClearButton.swift */; };
/* End PBXBuildFile section */

/* Begin PBXFileReference section */
		FA63FE3F2A798D7E009FA03E /* Converter.app */ = {isa = PBXFileReference; explicitFileType = wrapper.application; includeInIndex = 0; path = Converter.app; sourceTree = BUILT_PRODUCTS_DIR; };
		FA63FE422A798D7E009FA03E /* ConverterApp.swift */ = {isa = PBXFileReference; lastKnownFileType = sourcecode.swift; path = ConverterApp.swift; sourceTree = "<group>"; };
		FA63FE442A798D7E009FA03E /* ContentView.swift */ = {isa = PBXFileReference; lastKnownFileType = sourcecode.swift; path = ContentView.swift; sourceTree = "<group>"; };
		FA63FE462A798D80009FA03E /* Assets.xcassets */ = {isa = PBXFileReference; lastKnownFileType = folder.assetcatalog; path = Assets.xcassets; sourceTree = "<group>"; };
		FA63FE492A798D80009FA03E /* Preview Assets.xcassets */ = {isa = PBXFileReference; lastKnownFileType = folder.assetcatalog; path = "Preview Assets.xcassets"; sourceTree = "<group>"; };
		FA8998152A9A63EB000A63F9 /* SettingsView.swift */ = {isa = PBXFileReference; lastKnownFileType = sourcecode.swift; path = SettingsView.swift; sourceTree = "<group>"; };
		FA8998182A9A6727000A63F9 /* Constants.swift */ = {isa = PBXFileReference; lastKnownFileType = sourcecode.swift; path = Constants.swift; sourceTree = "<group>"; };
		FA89981B2A9A8DEC000A63F9 /* CurrencyLayerAPI.swift */ = {isa = PBXFileReference; lastKnownFileType = sourcecode.swift; path = CurrencyLayerAPI.swift; sourceTree = "<group>"; };
		FA89981E2A9A8E58000A63F9 /* Environment.swift */ = {isa = PBXFileReference; lastKnownFileType = sourcecode.swift; path = Environment.swift; sourceTree = "<group>"; };
		FA8998212A9A93A3000A63F9 /* Currency.swift */ = {isa = PBXFileReference; lastKnownFileType = sourcecode.swift; path = Currency.swift; sourceTree = "<group>"; };
		FA8998232A9E7499000A63F9 /* Rate.swift */ = {isa = PBXFileReference; lastKnownFileType = sourcecode.swift; path = Rate.swift; sourceTree = "<group>"; };
		FA8998262A9E782E000A63F9 /* CurrencyViewModel.swift */ = {isa = PBXFileReference; lastKnownFileType = sourcecode.swift; path = CurrencyViewModel.swift; sourceTree = "<group>"; };
		FA8998292A9E7BD7000A63F9 /* Date+TimeStamp.swift */ = {isa = PBXFileReference; lastKnownFileType = sourcecode.swift; path = "Date+TimeStamp.swift"; sourceTree = "<group>"; };
		FA89982B2A9E7CAF000A63F9 /* String+Stride.swift */ = {isa = PBXFileReference; lastKnownFileType = sourcecode.swift; path = "String+Stride.swift"; sourceTree = "<group>"; };
		FA89982E2A9E7ED0000A63F9 /* TextFieldClearButton.swift */ = {isa = PBXFileReference; lastKnownFileType = sourcecode.swift; path = TextFieldClearButton.swift; sourceTree = "<group>"; };
/* End PBXFileReference section */

/* Begin PBXFrameworksBuildPhase section */
		FA63FE3C2A798D7E009FA03E /* Frameworks */ = {
			isa = PBXFrameworksBuildPhase;
			buildActionMask = 2147483647;
			files = (
			);
			runOnlyForDeploymentPostprocessing = 0;
		};
/* End PBXFrameworksBuildPhase section */

/* Begin PBXGroup section */
		FA63FE362A798D7E009FA03E = {
			isa = PBXGroup;
			children = (
				FA63FE412A798D7E009FA03E /* Converter */,
				FA63FE402A798D7E009FA03E /* Products */,
			);
			sourceTree = "<group>";
		};
		FA63FE402A798D7E009FA03E /* Products */ = {
			isa = PBXGroup;
			children = (
				FA63FE3F2A798D7E009FA03E /* Converter.app */,
			);
			name = Products;
			sourceTree = "<group>";
		};
		FA63FE412A798D7E009FA03E /* Converter */ = {
			isa = PBXGroup;
			children = (
				FA89982D2A9E7EB9000A63F9 /* Components */,
				FA8998282A9E7BC5000A63F9 /* Extenstions */,
				FA8998252A9E77F7000A63F9 /* ViewModels */,
				FA89981D2A9A8E48000A63F9 /* Config */,
				FA89981A2A9A8DD5000A63F9 /* API */,
				FA8998172A9A671B000A63F9 /* Constants */,
				FA63FE562A799EAB009FA03E /* Models */,
				FA63FE552A799EA3009FA03E /* Views */,
				FA63FE422A798D7E009FA03E /* ConverterApp.swift */,
				FA63FE462A798D80009FA03E /* Assets.xcassets */,
				FA63FE482A798D80009FA03E /* Preview Content */,
			);
			path = Converter;
			sourceTree = "<group>";
		};
		FA63FE482A798D80009FA03E /* Preview Content */ = {
			isa = PBXGroup;
			children = (
				FA63FE492A798D80009FA03E /* Preview Assets.xcassets */,
			);
			path = "Preview Content";
			sourceTree = "<group>";
		};
		FA63FE552A799EA3009FA03E /* Views */ = {
			isa = PBXGroup;
			children = (
				FA63FE442A798D7E009FA03E /* ContentView.swift */,
				FA8998152A9A63EB000A63F9 /* SettingsView.swift */,
			);
			path = Views;
			sourceTree = "<group>";
		};
		FA63FE562A799EAB009FA03E /* Models */ = {
			isa = PBXGroup;
			children = (
				FA8998212A9A93A3000A63F9 /* Currency.swift */,
				FA8998232A9E7499000A63F9 /* Rate.swift */,
			);
			path = Models;
			sourceTree = "<group>";
		};
		FA8998172A9A671B000A63F9 /* Constants */ = {
			isa = PBXGroup;
			children = (
				FA8998182A9A6727000A63F9 /* Constants.swift */,
			);
			path = Constants;
			sourceTree = "<group>";
		};
		FA89981A2A9A8DD5000A63F9 /* API */ = {
			isa = PBXGroup;
			children = (
				FA89981B2A9A8DEC000A63F9 /* CurrencyLayerAPI.swift */,
			);
			path = API;
			sourceTree = "<group>";
		};
		FA89981D2A9A8E48000A63F9 /* Config */ = {
			isa = PBXGroup;
			children = (
				FA89981E2A9A8E58000A63F9 /* Environment.swift */,
			);
			path = Config;
			sourceTree = "<group>";
		};
		FA8998252A9E77F7000A63F9 /* ViewModels */ = {
			isa = PBXGroup;
			children = (
				FA8998262A9E782E000A63F9 /* CurrencyViewModel.swift */,
			);
			path = ViewModels;
			sourceTree = "<group>";
		};
		FA8998282A9E7BC5000A63F9 /* Extenstions */ = {
			isa = PBXGroup;
			children = (
				FA8998292A9E7BD7000A63F9 /* Date+TimeStamp.swift */,
				FA89982B2A9E7CAF000A63F9 /* String+Stride.swift */,
			);
			path = Extenstions;
			sourceTree = "<group>";
		};
		FA89982D2A9E7EB9000A63F9 /* Components */ = {
			isa = PBXGroup;
			children = (
				FA89982E2A9E7ED0000A63F9 /* TextFieldClearButton.swift */,
			);
			path = Components;
			sourceTree = "<group>";
		};
/* End PBXGroup section */

/* Begin PBXNativeTarget section */
		FA63FE3E2A798D7E009FA03E /* Converter */ = {
			isa = PBXNativeTarget;
			buildConfigurationList = FA63FE4D2A798D80009FA03E /* Build configuration list for PBXNativeTarget "Converter" */;
			buildPhases = (
				FA63FE3B2A798D7E009FA03E /* Sources */,
				FA63FE3C2A798D7E009FA03E /* Frameworks */,
				FA63FE3D2A798D7E009FA03E /* Resources */,
			);
			buildRules = (
			);
			dependencies = (
			);
			name = Converter;
			packageProductDependencies = (
			);
			productName = Converter;
			productReference = FA63FE3F2A798D7E009FA03E /* Converter.app */;
			productType = "com.apple.product-type.application";
		};
/* End PBXNativeTarget section */

/* Begin PBXProject section */
		FA63FE372A798D7E009FA03E /* Project object */ = {
			isa = PBXProject;
			attributes = {
				BuildIndependentTargetsInParallel = 1;
				LastSwiftUpdateCheck = 1430;
				LastUpgradeCheck = 1430;
				TargetAttributes = {
					FA63FE3E2A798D7E009FA03E = {
						CreatedOnToolsVersion = 14.3;
					};
				};
			};
			buildConfigurationList = FA63FE3A2A798D7E009FA03E /* Build configuration list for PBXProject "Converter" */;
			compatibilityVersion = "Xcode 14.0";
			developmentRegion = en;
			hasScannedForEncodings = 0;
			knownRegions = (
				en,
				Base,
			);
			mainGroup = FA63FE362A798D7E009FA03E;
			packageReferences = (
				FA63FE502A798DDA009FA03E /* XCRemoteSwiftPackageReference "Alamofire" */,
			);
			productRefGroup = FA63FE402A798D7E009FA03E /* Products */;
			projectDirPath = "";
			projectRoot = "";
			targets = (
				FA63FE3E2A798D7E009FA03E /* Converter */,
			);
		};
/* End PBXProject section */

/* Begin PBXResourcesBuildPhase section */
		FA63FE3D2A798D7E009FA03E /* Resources */ = {
			isa = PBXResourcesBuildPhase;
			buildActionMask = 2147483647;
			files = (
				FA63FE4A2A798D80009FA03E /* Preview Assets.xcassets in Resources */,
				FA63FE472A798D80009FA03E /* Assets.xcassets in Resources */,
			);
			runOnlyForDeploymentPostprocessing = 0;
		};
/* End PBXResourcesBuildPhase section */

/* Begin PBXSourcesBuildPhase section */
		FA63FE3B2A798D7E009FA03E /* Sources */ = {
			isa = PBXSourcesBuildPhase;
			buildActionMask = 2147483647;
			files = (
				FA89982A2A9E7BD7000A63F9 /* Date+TimeStamp.swift in Sources */,
				FA8998222A9A93A3000A63F9 /* Currency.swift in Sources */,
				FA8998272A9E782E000A63F9 /* CurrencyViewModel.swift in Sources */,
				FA89982F2A9E7ED0000A63F9 /* TextFieldClearButton.swift in Sources */,
				FA8998162A9A63EB000A63F9 /* SettingsView.swift in Sources */,
				FA89982C2A9E7CAF000A63F9 /* String+Stride.swift in Sources */,
				FA89981F2A9A8E58000A63F9 /* Environment.swift in Sources */,
				FA8998242A9E7499000A63F9 /* Rate.swift in Sources */,
				FA63FE452A798D7E009FA03E /* ContentView.swift in Sources */,
				FA63FE432A798D7E009FA03E /* ConverterApp.swift in Sources */,
				FA8998192A9A6727000A63F9 /* Constants.swift in Sources */,
				FA89981C2A9A8DEC000A63F9 /* CurrencyLayerAPI.swift in Sources */,
			);
			runOnlyForDeploymentPostprocessing = 0;
		};
/* End PBXSourcesBuildPhase section */

/* Begin XCBuildConfiguration section */
		FA63FE4B2A798D80009FA03E /* Debug */ = {
			isa = XCBuildConfiguration;
			buildSettings = {
				ALWAYS_SEARCH_USER_PATHS = NO;
				CLANG_ANALYZER_NONNULL = YES;
				CLANG_ANALYZER_NUMBER_OBJECT_CONVERSION = YES_AGGRESSIVE;
				CLANG_CXX_LANGUAGE_STANDARD = "gnu++20";
				CLANG_ENABLE_MODULES = YES;
				CLANG_ENABLE_OBJC_ARC = YES;
				CLANG_ENABLE_OBJC_WEAK = YES;
				CLANG_WARN_BLOCK_CAPTURE_AUTORELEASING = YES;
				CLANG_WARN_BOOL_CONVERSION = YES;
				CLANG_WARN_COMMA = YES;
				CLANG_WARN_CONSTANT_CONVERSION = YES;
				CLANG_WARN_DEPRECATED_OBJC_IMPLEMENTATIONS = YES;
				CLANG_WARN_DIRECT_OBJC_ISA_USAGE = YES_ERROR;
				CLANG_WARN_DOCUMENTATION_COMMENTS = YES;
				CLANG_WARN_EMPTY_BODY = YES;
				CLANG_WARN_ENUM_CONVERSION = YES;
				CLANG_WARN_INFINITE_RECURSION = YES;
				CLANG_WARN_INT_CONVERSION = YES;
				CLANG_WARN_NON_LITERAL_NULL_CONVERSION = YES;
				CLANG_WARN_OBJC_IMPLICIT_RETAIN_SELF = YES;
				CLANG_WARN_OBJC_LITERAL_CONVERSION = YES;
				CLANG_WARN_OBJC_ROOT_CLASS = YES_ERROR;
				CLANG_WARN_QUOTED_INCLUDE_IN_FRAMEWORK_HEADER = YES;
				CLANG_WARN_RANGE_LOOP_ANALYSIS = YES;
				CLANG_WARN_STRICT_PROTOTYPES = YES;
				CLANG_WARN_SUSPICIOUS_MOVE = YES;
				CLANG_WARN_UNGUARDED_AVAILABILITY = YES_AGGRESSIVE;
				CLANG_WARN_UNREACHABLE_CODE = YES;
				CLANG_WARN__DUPLICATE_METHOD_MATCH = YES;
				COPY_PHASE_STRIP = NO;
				DEBUG_INFORMATION_FORMAT = dwarf;
				ENABLE_STRICT_OBJC_MSGSEND = YES;
				ENABLE_TESTABILITY = YES;
				GCC_C_LANGUAGE_STANDARD = gnu11;
				GCC_DYNAMIC_NO_PIC = NO;
				GCC_NO_COMMON_BLOCKS = YES;
				GCC_OPTIMIZATION_LEVEL = 0;
				GCC_PREPROCESSOR_DEFINITIONS = (
					"DEBUG=1",
					"$(inherited)",
				);
				GCC_WARN_64_TO_32_BIT_CONVERSION = YES;
				GCC_WARN_ABOUT_RETURN_TYPE = YES_ERROR;
				GCC_WARN_UNDECLARED_SELECTOR = YES;
				GCC_WARN_UNINITIALIZED_AUTOS = YES_AGGRESSIVE;
				GCC_WARN_UNUSED_FUNCTION = YES;
				GCC_WARN_UNUSED_VARIABLE = YES;
				IPHONEOS_DEPLOYMENT_TARGET = 16.4;
				MTL_ENABLE_DEBUG_INFO = INCLUDE_SOURCE;
				MTL_FAST_MATH = YES;
				ONLY_ACTIVE_ARCH = YES;
				SDKROOT = iphoneos;
				SWIFT_ACTIVE_COMPILATION_CONDITIONS = DEBUG;
				SWIFT_OPTIMIZATION_LEVEL = "-Onone";
			};
			name = Debug;
		};
		FA63FE4C2A798D80009FA03E /* Release */ = {
			isa = XCBuildConfiguration;
			buildSettings = {
				ALWAYS_SEARCH_USER_PATHS = NO;
				CLANG_ANALYZER_NONNULL = YES;
				CLANG_ANALYZER_NUMBER_OBJECT_CONVERSION = YES_AGGRESSIVE;
				CLANG_CXX_LANGUAGE_STANDARD = "gnu++20";
				CLANG_ENABLE_MODULES = YES;
				CLANG_ENABLE_OBJC_ARC = YES;
				CLANG_ENABLE_OBJC_WEAK = YES;
				CLANG_WARN_BLOCK_CAPTURE_AUTORELEASING = YES;
				CLANG_WARN_BOOL_CONVERSION = YES;
				CLANG_WARN_COMMA = YES;
				CLANG_WARN_CONSTANT_CONVERSION = YES;
				CLANG_WARN_DEPRECATED_OBJC_IMPLEMENTATIONS = YES;
				CLANG_WARN_DIRECT_OBJC_ISA_USAGE = YES_ERROR;
				CLANG_WARN_DOCUMENTATION_COMMENTS = YES;
				CLANG_WARN_EMPTY_BODY = YES;
				CLANG_WARN_ENUM_CONVERSION = YES;
				CLANG_WARN_INFINITE_RECURSION = YES;
				CLANG_WARN_INT_CONVERSION = YES;
				CLANG_WARN_NON_LITERAL_NULL_CONVERSION = YES;
				CLANG_WARN_OBJC_IMPLICIT_RETAIN_SELF = YES;
				CLANG_WARN_OBJC_LITERAL_CONVERSION = YES;
				CLANG_WARN_OBJC_ROOT_CLASS = YES_ERROR;
				CLANG_WARN_QUOTED_INCLUDE_IN_FRAMEWORK_HEADER = YES;
				CLANG_WARN_RANGE_LOOP_ANALYSIS = YES;
				CLANG_WARN_STRICT_PROTOTYPES = YES;
				CLANG_WARN_SUSPICIOUS_MOVE = YES;
				CLANG_WARN_UNGUARDED_AVAILABILITY = YES_AGGRESSIVE;
				CLANG_WARN_UNREACHABLE_CODE = YES;
				CLANG_WARN__DUPLICATE_METHOD_MATCH = YES;
				COPY_PHASE_STRIP = NO;
				DEBUG_INFORMATION_FORMAT = "dwarf-with-dsym";
				ENABLE_NS_ASSERTIONS = NO;
				ENABLE_STRICT_OBJC_MSGSEND = YES;
				GCC_C_LANGUAGE_STANDARD = gnu11;
				GCC_NO_COMMON_BLOCKS = YES;
				GCC_WARN_64_TO_32_BIT_CONVERSION = YES;
				GCC_WARN_ABOUT_RETURN_TYPE = YES_ERROR;
				GCC_WARN_UNDECLARED_SELECTOR = YES;
				GCC_WARN_UNINITIALIZED_AUTOS = YES_AGGRESSIVE;
				GCC_WARN_UNUSED_FUNCTION = YES;
				GCC_WARN_UNUSED_VARIABLE = YES;
				IPHONEOS_DEPLOYMENT_TARGET = 16.4;
				MTL_ENABLE_DEBUG_INFO = NO;
				MTL_FAST_MATH = YES;
				SDKROOT = iphoneos;
				SWIFT_COMPILATION_MODE = wholemodule;
				SWIFT_OPTIMIZATION_LEVEL = "-O";
				VALIDATE_PRODUCT = YES;
			};
			name = Release;
		};
		FA63FE4E2A798D80009FA03E /* Debug */ = {
			isa = XCBuildConfiguration;
			buildSettings = {
				ASSETCATALOG_COMPILER_APPICON_NAME = AppIcon;
				ASSETCATALOG_COMPILER_GLOBAL_ACCENT_COLOR_NAME = AccentColor;
				CODE_SIGN_STYLE = Automatic;
				CURRENCY_LAYER_ACCESS_KEY = c83e3cba6be35a8af4830ad652bdae6b;
				CURRENT_PROJECT_VERSION = 1;
				DEVELOPMENT_ASSET_PATHS = "\"Converter/Preview Content\"";
				DEVELOPMENT_TEAM = 488D86WNW2;
				ENABLE_PREVIEWS = YES;
				GENERATE_INFOPLIST_FILE = YES;
				INFOPLIST_FILE = Converter/Info.plist;
				INFOPLIST_KEY_UIApplicationSceneManifest_Generation = YES;
				INFOPLIST_KEY_UIApplicationSupportsIndirectInputEvents = YES;
				INFOPLIST_KEY_UILaunchScreen_Generation = YES;
				INFOPLIST_KEY_UISupportedInterfaceOrientations_iPad = "UIInterfaceOrientationPortrait UIInterfaceOrientationPortraitUpsideDown UIInterfaceOrientationLandscapeLeft UIInterfaceOrientationLandscapeRight";
				INFOPLIST_KEY_UISupportedInterfaceOrientations_iPhone = "UIInterfaceOrientationPortrait UIInterfaceOrientationLandscapeLeft UIInterfaceOrientationLandscapeRight";
				IPHONEOS_DEPLOYMENT_TARGET = 16.6;
				LD_RUNPATH_SEARCH_PATHS = (
					"$(inherited)",
					"@executable_path/Frameworks",
				);
				MARKETING_VERSION = 1.0;
				PRODUCT_BUNDLE_IDENTIFIER = Bradlee.King.Converter;
				PRODUCT_NAME = "$(TARGET_NAME)";
				SWIFT_EMIT_LOC_STRINGS = YES;
				SWIFT_VERSION = 5.0;
				TARGETED_DEVICE_FAMILY = "1,2";
			};
			name = Debug;
		};
		FA63FE4F2A798D80009FA03E /* Release */ = {
			isa = XCBuildConfiguration;
			buildSettings = {
				ASSETCATALOG_COMPILER_APPICON_NAME = AppIcon;
				ASSETCATALOG_COMPILER_GLOBAL_ACCENT_COLOR_NAME = AccentColor;
				CODE_SIGN_STYLE = Automatic;
				CURRENCY_LAYER_ACCESS_KEY = c83e3cba6be35a8af4830ad652bdae6b;
				CURRENT_PROJECT_VERSION = 1;
				DEVELOPMENT_ASSET_PATHS = "\"Converter/Preview Content\"";
				DEVELOPMENT_TEAM = 488D86WNW2;
				ENABLE_PREVIEWS = YES;
				GENERATE_INFOPLIST_FILE = YES;
				INFOPLIST_FILE = Converter/Info.plist;
				INFOPLIST_KEY_UIApplicationSceneManifest_Generation = YES;
				INFOPLIST_KEY_UIApplicationSupportsIndirectInputEvents = YES;
				INFOPLIST_KEY_UILaunchScreen_Generation = YES;
				INFOPLIST_KEY_UISupportedInterfaceOrientations_iPad = "UIInterfaceOrientationPortrait UIInterfaceOrientationPortraitUpsideDown UIInterfaceOrientationLandscapeLeft UIInterfaceOrientationLandscapeRight";
				INFOPLIST_KEY_UISupportedInterfaceOrientations_iPhone = "UIInterfaceOrientationPortrait UIInterfaceOrientationLandscapeLeft UIInterfaceOrientationLandscapeRight";
				IPHONEOS_DEPLOYMENT_TARGET = 16.6;
				LD_RUNPATH_SEARCH_PATHS = (
					"$(inherited)",
					"@executable_path/Frameworks",
				);
				MARKETING_VERSION = 1.0;
				PRODUCT_BUNDLE_IDENTIFIER = Bradlee.King.Converter;
				PRODUCT_NAME = "$(TARGET_NAME)";
				SWIFT_EMIT_LOC_STRINGS = YES;
				SWIFT_VERSION = 5.0;
				TARGETED_DEVICE_FAMILY = "1,2";
			};
			name = Release;
		};
/* End XCBuildConfiguration section */

/* Begin XCConfigurationList section */
		FA63FE3A2A798D7E009FA03E /* Build configuration list for PBXProject "Converter" */ = {
			isa = XCConfigurationList;
			buildConfigurations = (
				FA63FE4B2A798D80009FA03E /* Debug */,
				FA63FE4C2A798D80009FA03E /* Release */,
			);
			defaultConfigurationIsVisible = 0;
			defaultConfigurationName = Release;
		};
		FA63FE4D2A798D80009FA03E /* Build configuration list for PBXNativeTarget "Converter" */ = {
			isa = XCConfigurationList;
			buildConfigurations = (
				FA63FE4E2A798D80009FA03E /* Debug */,
				FA63FE4F2A798D80009FA03E /* Release */,
			);
			defaultConfigurationIsVisible = 0;
			defaultConfigurationName = Release;
		};
/* End XCConfigurationList section */

/* Begin XCRemoteSwiftPackageReference section */
		FA63FE502A798DDA009FA03E /* XCRemoteSwiftPackageReference "Alamofire" */ = {
			isa = XCRemoteSwiftPackageReference;
			repositoryURL = "https://github.com/Alamofire/Alamofire";
			requirement = {
				kind = upToNextMajorVersion;
				minimumVersion = 5.0.0;
			};
		};
/* End XCRemoteSwiftPackageReference section */
	};
	rootObject = FA63FE372A798D7E009FA03E /* Project object */;
}
